{
	"name": "check-committed-files",
	"version": "1.0.0",
	"lockfileVersion": 3,
	"requires": true,
	"packages": {
		"": {
			"name": "check-committed-files",
			"version": "1.0.0",
			"license": "MIT",
			"dependencies": {
				"@actions/core": "1.10.1"
			},
			"devDependencies": {
				"@vercel/ncc": "^0.38.1"
			}
		},
		"node_modules/@actions/core": {
			"version": "1.10.1",
			"resolved": "https://registry.npmjs.org/@actions/core/-/core-1.10.1.tgz",
			"integrity": "sha512-3lBR9EDAY+iYIpTnTIXmWcNbX3T2kCkAEQGIQx4NVQ0575nk2k3GRZDTPQG+vVtS2izSLmINlxXf0uLtnrTP+g==",
			"dependencies": {
				"@actions/http-client": "^2.0.1",
				"uuid": "^8.3.2"
			}
		},
		"node_modules/@actions/http-client": {
			"version": "2.2.0",
			"license": "MIT",
			"dependencies": {
				"tunnel": "^0.0.6",
				"undici": "^5.25.4"
			}
		},
		"node_modules/@fastify/busboy": {
			"version": "2.1.0",
			"license": "MIT",
			"engines": {
				"node": ">=14"
			}
		},
		"node_modules/@vercel/ncc": {
			"version": "0.38.1",
			"resolved": "https://registry.npmjs.org/@vercel/ncc/-/ncc-0.38.1.tgz",
			"integrity": "sha512-IBBb+iI2NLu4VQn3Vwldyi2QwaXt5+hTyh58ggAMoCGE6DJmPvwL3KPBWcJl1m9LYPChBLE980Jw+CS4Wokqxw==",
			"dev": true,
			"bin": {
				"ncc": "dist/ncc/cli.js"
			}
		},
		"node_modules/tunnel": {
			"version": "0.0.6",
			"license": "MIT",
			"engines": {
				"node": ">=0.6.11 <=0.7.0 || >=0.7.3"
			}
		},
		"node_modules/undici": {
			"version": "5.28.2",
			"license": "MIT",
			"dependencies": {
				"@fastify/busboy": "^2.0.0"
			},
			"engines": {
				"node": ">=14.0"
			}
		},
		"node_modules/uuid": {
			"version": "8.3.2",
			"license": "MIT",
			"bin": {
				"uuid": "dist/bin/uuid"
			}
		}
	}
}
